
Microsoft Visual Studio Solution File, Format Version 12.00
# Visual Studio Version 17
VisualStudioVersion = 17.5.002.0
MinimumVisualStudioVersion = 10.0.40219.1
Project("{2150E333-8FDC-42A3-9474-1A3956D46DE8}") = "csharp-prep", "csharp-prep", "{681B2751-CCA0-4AE7-97D3-8E45DE6675E5}"
EndProject
Project("{9A19103F-16F7-4668-BE54-9A1E7A4F7556}") = "Prep1", "csharp-prep\Prep1\Prep1.csproj", "{4E1C98E2-50A2-4D4A-AE4A-D30A11B269E9}"
EndProject
Project("{9A19103F-16F7-4668-BE54-9A1E7A4F7556}") = "Prep2", "csharp-prep\Prep2\Prep2.csproj", "{576B34C8-F658-413B-BAA9-F0B979F2C263}"
EndProject
Project("{9A19103F-16F7-4668-BE54-9A1E7A4F7556}") = "Prep3", "csharp-prep\Prep3\Prep3.csproj", "{BDE60BDF-60B6-41D7-BB4F-398C376079AE}"
EndProject
Project("{9A19103F-16F7-4668-BE54-9A1E7A4F7556}") = "Prep4", "csharp-prep\Prep4\Prep4.csproj", "{8DC9EB69-EF83-4ADF-9CE4-3244E1C05342}"
EndProject
Project("{9A19103F-16F7-4668-BE54-9A1E7A4F7556}") = "Prep5", "csharp-prep\Prep5\Prep5.csproj", "{232BF67B-B06B-4997-A557-F6FBF0C209D6}"
EndProject
Project("{2150E333-8FDC-42A3-9474-1A3956D46DE8}") = "final", "final", "{0C943200-8051-4AF1-8C01-07D0708589D0}"
EndProject
Project("{9A19103F-16F7-4668-BE54-9A1E7A4F7556}") = "FinalProject", "final\FinalProject\FinalProject.csproj", "{3982ECBF-24FE-460C-857A-598179AEC4E1}"
EndProject
Project("{9A19103F-16F7-4668-BE54-9A1E7A4F7556}") = "Foundation1", "final\Foundation1\Foundation1.csproj", "{BB1118FF-B280-40F2-A6E0-FF6F21713BF4}"
EndProject
Project("{9A19103F-16F7-4668-BE54-9A1E7A4F7556}") = "Foundation2", "final\Foundation2\Foundation2.csproj", "{4820ADE5-D4C6-4789-9D6A-816E8032FF61}"
EndProject
Project("{9A19103F-16F7-4668-BE54-9A1E7A4F7556}") = "Foundation3", "final\Foundation3\Foundation3.csproj", "{789421FD-F978-402D-A904-E2CEBBB728FE}"
EndProject
Project("{9A19103F-16F7-4668-BE54-9A1E7A4F7556}") = "Foundation4", "final\Foundation4\Foundation4.csproj", "{D8115E45-280C-4B52-BE9A-70F5EA0ABBEC}"
EndProject
Project("{2150E333-8FDC-42A3-9474-1A3956D46DE8}") = "prepare", "prepare", "{8F13960F-0D58-46C2-A275-C08237FA449C}"
EndProject
Project("{9A19103F-16F7-4668-BE54-9A1E7A4F7556}") = "Learning02", "prepare\Learning02\Learning02.csproj", "{38A1654E-5AA3-4F26-BFE2-9CF1D97793DF}"
EndProject
Project("{9A19103F-16F7-4668-BE54-9A1E7A4F7556}") = "Learning03", "prepare\Learning03\Learning03.csproj", "{47F5B9AA-2BED-4655-BADA-4F85AEC8F393}"
EndProject
Project("{9A19103F-16F7-4668-BE54-9A1E7A4F7556}") = "Learning04", "prepare\Learning04\Learning04.csproj", "{A0BD7049-BD48-423D-982E-AFCEE9BD0129}"
EndProject
Project("{9A19103F-16F7-4668-BE54-9A1E7A4F7556}") = "Learning05", "prepare\Learning05\Learning05.csproj", "{8F30B4F9-7F0D-44A7-9FD1-04AD6A4E96BA}"
EndProject
Project("{2150E333-8FDC-42A3-9474-1A3956D46DE8}") = "prove", "prove", "{1D844A23-BF67-47D5-BCDC-F75B8B75F8E4}"
EndProject
Project("{9A19103F-16F7-4668-BE54-9A1E7A4F7556}") = "Develop02", "prove\Develop02\Develop02.csproj", "{13E3977A-1B76-46C2-9878-851722626990}"
EndProject
Project("{9A19103F-16F7-4668-BE54-9A1E7A4F7556}") = "Develop03", "prove\Develop03\Develop03.csproj", "{49468B8B-BA2C-42CC-9F6E-08A2044F7674}"
EndProject
Project("{9A19103F-16F7-4668-BE54-9A1E7A4F7556}") = "Develop04", "prove\Develop04\Develop04.csproj", "{7AF6638A-D23C-4800-84D9-654607A0DD70}"
EndProject
Project("{9A19103F-16F7-4668-BE54-9A1E7A4F7556}") = "Develop05", "prove\Develop05\Develop05.csproj", "{107D9434-7157-45C3-A36C-DFC7EF963C72}"
EndProject
Project("{2150E333-8FDC-42A3-9474-1A3956D46DE8}") = "sandbox", "sandbox", "{D8BED902-7C39-47E7-9C5E-802E4ABE94CC}"
EndProject
Project("{9A19103F-16F7-4668-BE54-9A1E7A4F7556}") = "Sandbox", "sandbox\Sandbox\Sandbox.csproj", "{3D940918-0F31-424C-B8E8-8D88D5711B50}"
EndProject
Global
	GlobalSection(SolutionConfigurationPlatforms) = preSolution
		Debug|Any CPU = Debug|Any CPU
		Release|Any CPU = Release|Any CPU
	EndGlobalSection
	GlobalSection(ProjectConfigurationPlatforms) = postSolution
		{4E1C98E2-50A2-4D4A-AE4A-D30A11B269E9}.Debug|Any CPU.ActiveCfg = Debug|Any CPU
		{4E1C98E2-50A2-4D4A-AE4A-D30A11B269E9}.Debug|Any CPU.Build.0 = Debug|Any CPU
		{4E1C98E2-50A2-4D4A-AE4A-D30A11B269E9}.Release|Any CPU.ActiveCfg = Release|Any CPU
		{4E1C98E2-50A2-4D4A-AE4A-D30A11B269E9}.Release|Any CPU.Build.0 = Release|Any CPU
		{576B34C8-F658-413B-BAA9-F0B979F2C263}.Debug|Any CPU.ActiveCfg = Debug|Any CPU
		{576B34C8-F658-413B-BAA9-F0B979F2C263}.Debug|Any CPU.Build.0 = Debug|Any CPU
		{576B34C8-F658-413B-BAA9-F0B979F2C263}.Release|Any CPU.ActiveCfg = Release|Any CPU
		{576B34C8-F658-413B-BAA9-F0B979F2C263}.Release|Any CPU.Build.0 = Release|Any CPU
		{BDE60BDF-60B6-41D7-BB4F-398C376079AE}.Debug|Any CPU.ActiveCfg = Debug|Any CPU
		{BDE60BDF-60B6-41D7-BB4F-398C376079AE}.Debug|Any CPU.Build.0 = Debug|Any CPU
		{BDE60BDF-60B6-41D7-BB4F-398C376079AE}.Release|Any CPU.ActiveCfg = Release|Any CPU
		{BDE60BDF-60B6-41D7-BB4F-398C376079AE}.Release|Any CPU.Build.0 = Release|Any CPU
		{8DC9EB69-EF83-4ADF-9CE4-3244E1C05342}.Debug|Any CPU.ActiveCfg = Debug|Any CPU
		{8DC9EB69-EF83-4ADF-9CE4-3244E1C05342}.Debug|Any CPU.Build.0 = Debug|Any CPU
		{8DC9EB69-EF83-4ADF-9CE4-3244E1C05342}.Release|Any CPU.ActiveCfg = Release|Any CPU
		{8DC9EB69-EF83-4ADF-9CE4-3244E1C05342}.Release|Any CPU.Build.0 = Release|Any CPU
		{232BF67B-B06B-4997-A557-F6FBF0C209D6}.Debug|Any CPU.ActiveCfg = Debug|Any CPU
		{232BF67B-B06B-4997-A557-F6FBF0C209D6}.Debug|Any CPU.Build.0 = Debug|Any CPU
		{232BF67B-B06B-4997-A557-F6FBF0C209D6}.Release|Any CPU.ActiveCfg = Release|Any CPU
		{232BF67B-B06B-4997-A557-F6FBF0C209D6}.Release|Any CPU.Build.0 = Release|Any CPU
		{3982ECBF-24FE-460C-857A-598179AEC4E1}.Debug|Any CPU.ActiveCfg = Debug|Any CPU
		{3982ECBF-24FE-460C-857A-598179AEC4E1}.Debug|Any CPU.Build.0 = Debug|Any CPU
		{3982ECBF-24FE-460C-857A-598179AEC4E1}.Release|Any CPU.ActiveCfg = Release|Any CPU
		{3982ECBF-24FE-460C-857A-598179AEC4E1}.Release|Any CPU.Build.0 = Release|Any CPU
		{BB1118FF-B280-40F2-A6E0-FF6F21713BF4}.Debug|Any CPU.ActiveCfg = Debug|Any CPU
		{BB1118FF-B280-40F2-A6E0-FF6F21713BF4}.Debug|Any CPU.Build.0 = Debug|Any CPU
		{BB1118FF-B280-40F2-A6E0-FF6F21713BF4}.Release|Any CPU.ActiveCfg = Release|Any CPU
		{BB1118FF-B280-40F2-A6E0-FF6F21713BF4}.Release|Any CPU.Build.0 = Release|Any CPU
		{4820ADE5-D4C6-4789-9D6A-816E8032FF61}.Debug|Any CPU.ActiveCfg = Debug|Any CPU
		{4820ADE5-D4C6-4789-9D6A-816E8032FF61}.Debug|Any CPU.Build.0 = Debug|Any CPU
		{4820ADE5-D4C6-4789-9D6A-816E8032FF61}.Release|Any CPU.ActiveCfg = Release|Any CPU
		{4820ADE5-D4C6-4789-9D6A-816E8032FF61}.Release|Any CPU.Build.0 = Release|Any CPU
		{789421FD-F978-402D-A904-E2CEBBB728FE}.Debug|Any CPU.ActiveCfg = Debug|Any CPU
		{789421FD-F978-402D-A904-E2CEBBB728FE}.Debug|Any CPU.Build.0 = Debug|Any CPU
		{789421FD-F978-402D-A904-E2CEBBB728FE}.Release|Any CPU.ActiveCfg = Release|Any CPU
		{789421FD-F978-402D-A904-E2CEBBB728FE}.Release|Any CPU.Build.0 = Release|Any CPU
		{D8115E45-280C-4B52-BE9A-70F5EA0ABBEC}.Debug|Any CPU.ActiveCfg = Debug|Any CPU
		{D8115E45-280C-4B52-BE9A-70F5EA0ABBEC}.Debug|Any CPU.Build.0 = Debug|Any CPU
		{D8115E45-280C-4B52-BE9A-70F5EA0ABBEC}.Release|Any CPU.ActiveCfg = Release|Any CPU
		{D8115E45-280C-4B52-BE9A-70F5EA0ABBEC}.Release|Any CPU.Build.0 = Release|Any CPU
		{38A1654E-5AA3-4F26-BFE2-9CF1D97793DF}.Debug|Any CPU.ActiveCfg = Debug|Any CPU
		{38A1654E-5AA3-4F26-BFE2-9CF1D97793DF}.Debug|Any CPU.Build.0 = Debug|Any CPU
		{38A1654E-5AA3-4F26-BFE2-9CF1D97793DF}.Release|Any CPU.ActiveCfg = Release|Any CPU
		{38A1654E-5AA3-4F26-BFE2-9CF1D97793DF}.Release|Any CPU.Build.0 = Release|Any CPU
		{47F5B9AA-2BED-4655-BADA-4F85AEC8F393}.Debug|Any CPU.ActiveCfg = Debug|Any CPU
		{47F5B9AA-2BED-4655-BADA-4F85AEC8F393}.Debug|Any CPU.Build.0 = Debug|Any CPU
		{47F5B9AA-2BED-4655-BADA-4F85AEC8F393}.Release|Any CPU.ActiveCfg = Release|Any CPU
		{47F5B9AA-2BED-4655-BADA-4F85AEC8F393}.Release|Any CPU.Build.0 = Release|Any CPU
		{A0BD7049-BD48-423D-982E-AFCEE9BD0129}.Debug|Any CPU.ActiveCfg = Debug|Any CPU
		{A0BD7049-BD48-423D-982E-AFCEE9BD0129}.Debug|Any CPU.Build.0 = Debug|Any CPU
		{A0BD7049-BD48-423D-982E-AFCEE9BD0129}.Release|Any CPU.ActiveCfg = Release|Any CPU
		{A0BD7049-BD48-423D-982E-AFCEE9BD0129}.Release|Any CPU.Build.0 = Release|Any CPU
		{8F30B4F9-7F0D-44A7-9FD1-04AD6A4E96BA}.Debug|Any CPU.ActiveCfg = Debug|Any CPU
		{8F30B4F9-7F0D-44A7-9FD1-04AD6A4E96BA}.Debug|Any CPU.Build.0 = Debug|Any CPU
		{8F30B4F9-7F0D-44A7-9FD1-04AD6A4E96BA}.Release|Any CPU.ActiveCfg = Release|Any CPU
		{8F30B4F9-7F0D-44A7-9FD1-04AD6A4E96BA}.Release|Any CPU.Build.0 = Release|Any CPU
		{13E3977A-1B76-46C2-9878-851722626990}.Debug|Any CPU.ActiveCfg = Debug|Any CPU
		{13E3977A-1B76-46C2-9878-851722626990}.Debug|Any CPU.Build.0 = Debug|Any CPU
		{13E3977A-1B76-46C2-9878-851722626990}.Release|Any CPU.ActiveCfg = Release|Any CPU
		{13E3977A-1B76-46C2-9878-851722626990}.Release|Any CPU.Build.0 = Release|Any CPU
		{49468B8B-BA2C-42CC-9F6E-08A2044F7674}.Debug|Any CPU.ActiveCfg = Debug|Any CPU
		{49468B8B-BA2C-42CC-9F6E-08A2044F7674}.Debug|Any CPU.Build.0 = Debug|Any CPU
		{49468B8B-BA2C-42CC-9F6E-08A2044F7674}.Release|Any CPU.ActiveCfg = Release|Any CPU
		{49468B8B-BA2C-42CC-9F6E-08A2044F7674}.Release|Any CPU.Build.0 = Release|Any CPU
		{7AF6638A-D23C-4800-84D9-654607A0DD70}.Debug|Any CPU.ActiveCfg = Debug|Any CPU
		{7AF6638A-D23C-4800-84D9-654607A0DD70}.Debug|Any CPU.Build.0 = Debug|Any CPU
		{7AF6638A-D23C-4800-84D9-654607A0DD70}.Release|Any CPU.ActiveCfg = Release|Any CPU
		{7AF6638A-D23C-4800-84D9-654607A0DD70}.Release|Any CPU.Build.0 = Release|Any CPU
		{107D9434-7157-45C3-A36C-DFC7EF963C72}.Debug|Any CPU.ActiveCfg = Debug|Any CPU
		{107D9434-7157-45C3-A36C-DFC7EF963C72}.Debug|Any CPU.Build.0 = Debug|Any CPU
		{107D9434-7157-45C3-A36C-DFC7EF963C72}.Release|Any CPU.ActiveCfg = Release|Any CPU
		{107D9434-7157-45C3-A36C-DFC7EF963C72}.Release|Any CPU.Build.0 = Release|Any CPU
		{3D940918-0F31-424C-B8E8-8D88D5711B50}.Debug|Any CPU.ActiveCfg = Debug|Any CPU
		{3D940918-0F31-424C-B8E8-8D88D5711B50}.Debug|Any CPU.Build.0 = Debug|Any CPU
		{3D940918-0F31-424C-B8E8-8D88D5711B50}.Release|Any CPU.ActiveCfg = Release|Any CPU
		{3D940918-0F31-424C-B8E8-8D88D5711B50}.Release|Any CPU.Build.0 = Release|Any CPU
	EndGlobalSection
	GlobalSection(SolutionProperties) = preSolution
		HideSolutionNode = FALSE
	EndGlobalSection
	GlobalSection(NestedProjects) = preSolution
		{4E1C98E2-50A2-4D4A-AE4A-D30A11B269E9} = {681B2751-CCA0-4AE7-97D3-8E45DE6675E5}
		{576B34C8-F658-413B-BAA9-F0B979F2C263} = {681B2751-CCA0-4AE7-97D3-8E45DE6675E5}
		{BDE60BDF-60B6-41D7-BB4F-398C376079AE} = {681B2751-CCA0-4AE7-97D3-8E45DE6675E5}
		{8DC9EB69-EF83-4ADF-9CE4-3244E1C05342} = {681B2751-CCA0-4AE7-97D3-8E45DE6675E5}
		{232BF67B-B06B-4997-A557-F6FBF0C209D6} = {681B2751-CCA0-4AE7-97D3-8E45DE6675E5}
		{3982ECBF-24FE-460C-857A-598179AEC4E1} = {0C943200-8051-4AF1-8C01-07D0708589D0}
		{BB1118FF-B280-40F2-A6E0-FF6F21713BF4} = {0C943200-8051-4AF1-8C01-07D0708589D0}
		{4820ADE5-D4C6-4789-9D6A-816E8032FF61} = {0C943200-8051-4AF1-8C01-07D0708589D0}
		{789421FD-F978-402D-A904-E2CEBBB728FE} = {0C943200-8051-4AF1-8C01-07D0708589D0}
		{D8115E45-280C-4B52-BE9A-70F5EA0ABBEC} = {0C943200-8051-4AF1-8C01-07D0708589D0}
		{38A1654E-5AA3-4F26-BFE2-9CF1D97793DF} = {8F13960F-0D58-46C2-A275-C08237FA449C}
		{47F5B9AA-2BED-4655-BADA-4F85AEC8F393} = {8F13960F-0D58-46C2-A275-C08237FA449C}
		{A0BD7049-BD48-423D-982E-AFCEE9BD0129} = {8F13960F-0D58-46C2-A275-C08237FA449C}
		{8F30B4F9-7F0D-44A7-9FD1-04AD6A4E96BA} = {8F13960F-0D58-46C2-A275-C08237FA449C}
		{13E3977A-1B76-46C2-9878-851722626990} = {1D844A23-BF67-47D5-BCDC-F75B8B75F8E4}
		{49468B8B-BA2C-42CC-9F6E-08A2044F7674} = {1D844A23-BF67-47D5-BCDC-F75B8B75F8E4}
		{7AF6638A-D23C-4800-84D9-654607A0DD70} = {1D844A23-BF67-47D5-BCDC-F75B8B75F8E4}
		{107D9434-7157-45C3-A36C-DFC7EF963C72} = {1D844A23-BF67-47D5-BCDC-F75B8B75F8E4}
		{3D940918-0F31-424C-B8E8-8D88D5711B50} = {D8BED902-7C39-47E7-9C5E-802E4ABE94CC}
	EndGlobalSection
	GlobalSection(ExtensibilityGlobals) = postSolution
		SolutionGuid = {655313F9-6174-4F32-AADD-4E4C6A230175}
	EndGlobalSection
EndGlobal
